// !$*UTF8*$!
{
	archiveVersion = 1;
	classes = {
	};
	objectVersion = 56;
	objects = {

/* Begin PBXBuildFile section */
		7418D1082DC4B35300A5B6D5 /* MenuProfilePresenter.swift in Sources */ = {isa = PBXBuildFile; fileRef = 7418D1072DC4B35300A5B6D5 /* MenuProfilePresenter.swift */; };
		7418D10A2DC4B3A600A5B6D5 /* MenuProfileRouter.swift in Sources */ = {isa = PBXBuildFile; fileRef = 7418D1092DC4B3A600A5B6D5 /* MenuProfileRouter.swift */; };
		7418D10E2DC4BD9D00A5B6D5 /* ChallengeViewController.swift in Sources */ = {isa = PBXBuildFile; fileRef = 7418D10C2DC4BD9D00A5B6D5 /* ChallengeViewController.swift */; };
		7418D10F2DC4BD9D00A5B6D5 /* ChallengeViewController.xib in Resources */ = {isa = PBXBuildFile; fileRef = 7418D10D2DC4BD9D00A5B6D5 /* ChallengeViewController.xib */; };
		7418D1112DC4BDD300A5B6D5 /* ChallengePresenter.swift in Sources */ = {isa = PBXBuildFile; fileRef = 7418D1102DC4BDD300A5B6D5 /* ChallengePresenter.swift */; };
		7418D1132DC4BDE000A5B6D5 /* ChallengeRouter.swift in Sources */ = {isa = PBXBuildFile; fileRef = 7418D1122DC4BDE000A5B6D5 /* ChallengeRouter.swift */; };
		7418D1152DC4BDEF00A5B6D5 /* ChallengeInteractor.swift in Sources */ = {isa = PBXBuildFile; fileRef = 7418D1142DC4BDEF00A5B6D5 /* ChallengeInteractor.swift */; };
		7418D1172DC4C65200A5B6D5 /* MenuProfileInteractor.swift in Sources */ = {isa = PBXBuildFile; fileRef = 7418D1162DC4C65200A5B6D5 /* MenuProfileInteractor.swift */; };
		7418D11F2DC655D500A5B6D5 /* BadgesViewCell.swift in Sources */ = {isa = PBXBuildFile; fileRef = 7418D11D2DC655D500A5B6D5 /* BadgesViewCell.swift */; };
		7418D1202DC655D500A5B6D5 /* BadgesViewCell.xib in Resources */ = {isa = PBXBuildFile; fileRef = 7418D11E2DC655D500A5B6D5 /* BadgesViewCell.xib */; };
		7418D1272DC6614F00A5B6D5 /* BadgesSheetViewController.swift in Sources */ = {isa = PBXBuildFile; fileRef = 7418D1252DC6614F00A5B6D5 /* BadgesSheetViewController.swift */; };
		7418D1282DC6614F00A5B6D5 /* BadgesSheetViewController.xib in Resources */ = {isa = PBXBuildFile; fileRef = 7418D1262DC6614F00A5B6D5 /* BadgesSheetViewController.xib */; };
		7418D12D2DC735B700A5B6D5 /* NotifBadgesViewController.swift in Sources */ = {isa = PBXBuildFile; fileRef = 7418D12B2DC735B700A5B6D5 /* NotifBadgesViewController.swift */; };
		7418D12E2DC735B700A5B6D5 /* NotifBadgesViewController.xib in Resources */ = {isa = PBXBuildFile; fileRef = 7418D12C2DC735B700A5B6D5 /* NotifBadgesViewController.xib */; };
		7418D1302DC735D700A5B6D5 /* NotifBadgesPresenter.swift in Sources */ = {isa = PBXBuildFile; fileRef = 7418D12F2DC735D700A5B6D5 /* NotifBadgesPresenter.swift */; };
		7418D1322DC735E200A5B6D5 /* NotifBadgesRouter.swift in Sources */ = {isa = PBXBuildFile; fileRef = 7418D1312DC735E200A5B6D5 /* NotifBadgesRouter.swift */; };
		7418D1342DC735ED00A5B6D5 /* NotifBadgesInteractor.swift in Sources */ = {isa = PBXBuildFile; fileRef = 7418D1332DC735ED00A5B6D5 /* NotifBadgesInteractor.swift */; };
		7432A7BC2DC4A3EA00CE64D9 /* MenuProfileView.swift in Sources */ = {isa = PBXBuildFile; fileRef = 7432A7BA2DC4A3EA00CE64D9 /* MenuProfileView.swift */; };
		7432A7BD2DC4A3EA00CE64D9 /* MenuProfileView.xib in Resources */ = {isa = PBXBuildFile; fileRef = 7432A7BB2DC4A3EA00CE64D9 /* MenuProfileView.xib */; };
		FA1CE9022DC48385004D2E9F /* GeneralButton.swift in Sources */ = {isa = PBXBuildFile; fileRef = FA1CE9012DC48385004D2E9F /* GeneralButton.swift */; };
		FA1CE9052DC49BCE004D2E9F /* View+ext.swift in Sources */ = {isa = PBXBuildFile; fileRef = FA1CE9042DC49BCE004D2E9F /* View+ext.swift */; };
		FA298FE12DC475E50047763E /* BaseViewController.swift in Sources */ = {isa = PBXBuildFile; fileRef = FA298FE02DC475E50047763E /* BaseViewController.swift */; };
		FA298FE32DC476300047763E /* BasePresenter.swift in Sources */ = {isa = PBXBuildFile; fileRef = FA298FE22DC476300047763E /* BasePresenter.swift */; };
		FA298FE52DC476520047763E /* BaseInteractor.swift in Sources */ = {isa = PBXBuildFile; fileRef = FA298FE42DC476520047763E /* BaseInteractor.swift */; };
		FA298FE72DC476740047763E /* BaseRouter.swift in Sources */ = {isa = PBXBuildFile; fileRef = FA298FE62DC476740047763E /* BaseRouter.swift */; };
		FA298FFF2DC479AC0047763E /* LoginPresenter.swift in Sources */ = {isa = PBXBuildFile; fileRef = FA298FF92DC479AC0047763E /* LoginPresenter.swift */; };
		FA2990002DC479AC0047763E /* LoginRouter.swift in Sources */ = {isa = PBXBuildFile; fileRef = FA298FFA2DC479AC0047763E /* LoginRouter.swift */; };
		FA2990012DC479AC0047763E /* LoginViewController.swift in Sources */ = {isa = PBXBuildFile; fileRef = FA298FFB2DC479AC0047763E /* LoginViewController.swift */; };
		FA2990022DC479AC0047763E /* LoginInteractor.swift in Sources */ = {isa = PBXBuildFile; fileRef = FA298FFC2DC479AC0047763E /* LoginInteractor.swift */; };
		FA2990032DC479AC0047763E /* LoginEntity.swift in Sources */ = {isa = PBXBuildFile; fileRef = FA298FFD2DC479AC0047763E /* LoginEntity.swift */; };
		FA2990042DC479AC0047763E /* LoginViewController.xib in Resources */ = {isa = PBXBuildFile; fileRef = FA298FFE2DC479AC0047763E /* LoginViewController.xib */; };
		FA360E692DC2203800B9FB61 /* AppDelegate.swift in Sources */ = {isa = PBXBuildFile; fileRef = FA360E682DC2203800B9FB61 /* AppDelegate.swift */; };
		FA360E6B2DC2203800B9FB61 /* SceneDelegate.swift in Sources */ = {isa = PBXBuildFile; fileRef = FA360E6A2DC2203800B9FB61 /* SceneDelegate.swift */; };
		FA360E6D2DC2203800B9FB61 /* ViewController.swift in Sources */ = {isa = PBXBuildFile; fileRef = FA360E6C2DC2203800B9FB61 /* ViewController.swift */; };
		FA360E702DC2203800B9FB61 /* Main.storyboard in Resources */ = {isa = PBXBuildFile; fileRef = FA360E6E2DC2203800B9FB61 /* Main.storyboard */; };
		FA360E722DC2203A00B9FB61 /* Assets.xcassets in Resources */ = {isa = PBXBuildFile; fileRef = FA360E712DC2203A00B9FB61 /* Assets.xcassets */; };
		FA360E752DC2203A00B9FB61 /* LaunchScreen.storyboard in Resources */ = {isa = PBXBuildFile; fileRef = FA360E732DC2203A00B9FB61 /* LaunchScreen.storyboard */; };
/* End PBXBuildFile section */

/* Begin PBXFileReference section */
		7418D1072DC4B35300A5B6D5 /* MenuProfilePresenter.swift */ = {isa = PBXFileReference; lastKnownFileType = sourcecode.swift; path = MenuProfilePresenter.swift; sourceTree = "<group>"; };
		7418D1092DC4B3A600A5B6D5 /* MenuProfileRouter.swift */ = {isa = PBXFileReference; lastKnownFileType = sourcecode.swift; path = MenuProfileRouter.swift; sourceTree = "<group>"; };
		7418D10C2DC4BD9D00A5B6D5 /* ChallengeViewController.swift */ = {isa = PBXFileReference; lastKnownFileType = sourcecode.swift; path = ChallengeViewController.swift; sourceTree = "<group>"; };
		7418D10D2DC4BD9D00A5B6D5 /* ChallengeViewController.xib */ = {isa = PBXFileReference; lastKnownFileType = file.xib; path = ChallengeViewController.xib; sourceTree = "<group>"; };
		7418D1102DC4BDD300A5B6D5 /* ChallengePresenter.swift */ = {isa = PBXFileReference; lastKnownFileType = sourcecode.swift; path = ChallengePresenter.swift; sourceTree = "<group>"; };
		7418D1122DC4BDE000A5B6D5 /* ChallengeRouter.swift */ = {isa = PBXFileReference; lastKnownFileType = sourcecode.swift; path = ChallengeRouter.swift; sourceTree = "<group>"; };
		7418D1142DC4BDEF00A5B6D5 /* ChallengeInteractor.swift */ = {isa = PBXFileReference; lastKnownFileType = sourcecode.swift; path = ChallengeInteractor.swift; sourceTree = "<group>"; };
		7418D1162DC4C65200A5B6D5 /* MenuProfileInteractor.swift */ = {isa = PBXFileReference; lastKnownFileType = sourcecode.swift; path = MenuProfileInteractor.swift; sourceTree = "<group>"; };
		7418D11D2DC655D500A5B6D5 /* BadgesViewCell.swift */ = {isa = PBXFileReference; lastKnownFileType = sourcecode.swift; path = BadgesViewCell.swift; sourceTree = "<group>"; };
		7418D11E2DC655D500A5B6D5 /* BadgesViewCell.xib */ = {isa = PBXFileReference; lastKnownFileType = file.xib; path = BadgesViewCell.xib; sourceTree = "<group>"; };
		7418D1252DC6614F00A5B6D5 /* BadgesSheetViewController.swift */ = {isa = PBXFileReference; lastKnownFileType = sourcecode.swift; path = BadgesSheetViewController.swift; sourceTree = "<group>"; };
		7418D1262DC6614F00A5B6D5 /* BadgesSheetViewController.xib */ = {isa = PBXFileReference; lastKnownFileType = file.xib; path = BadgesSheetViewController.xib; sourceTree = "<group>"; };
		7418D12B2DC735B700A5B6D5 /* NotifBadgesViewController.swift */ = {isa = PBXFileReference; lastKnownFileType = sourcecode.swift; path = NotifBadgesViewController.swift; sourceTree = "<group>"; };
		7418D12C2DC735B700A5B6D5 /* NotifBadgesViewController.xib */ = {isa = PBXFileReference; lastKnownFileType = file.xib; path = NotifBadgesViewController.xib; sourceTree = "<group>"; };
		7418D12F2DC735D700A5B6D5 /* NotifBadgesPresenter.swift */ = {isa = PBXFileReference; lastKnownFileType = sourcecode.swift; path = NotifBadgesPresenter.swift; sourceTree = "<group>"; };
		7418D1312DC735E200A5B6D5 /* NotifBadgesRouter.swift */ = {isa = PBXFileReference; lastKnownFileType = sourcecode.swift; path = NotifBadgesRouter.swift; sourceTree = "<group>"; };
		7418D1332DC735ED00A5B6D5 /* NotifBadgesInteractor.swift */ = {isa = PBXFileReference; lastKnownFileType = sourcecode.swift; path = NotifBadgesInteractor.swift; sourceTree = "<group>"; };
		7432A7BA2DC4A3EA00CE64D9 /* MenuProfileView.swift */ = {isa = PBXFileReference; lastKnownFileType = sourcecode.swift; path = MenuProfileView.swift; sourceTree = "<group>"; };
		7432A7BB2DC4A3EA00CE64D9 /* MenuProfileView.xib */ = {isa = PBXFileReference; lastKnownFileType = file.xib; path = MenuProfileView.xib; sourceTree = "<group>"; };
		FA1CE9012DC48385004D2E9F /* GeneralButton.swift */ = {isa = PBXFileReference; lastKnownFileType = sourcecode.swift; path = GeneralButton.swift; sourceTree = "<group>"; };
		FA1CE9042DC49BCE004D2E9F /* View+ext.swift */ = {isa = PBXFileReference; lastKnownFileType = sourcecode.swift; path = "View+ext.swift"; sourceTree = "<group>"; };
		FA298FE02DC475E50047763E /* BaseViewController.swift */ = {isa = PBXFileReference; lastKnownFileType = sourcecode.swift; path = BaseViewController.swift; sourceTree = "<group>"; };
		FA298FE22DC476300047763E /* BasePresenter.swift */ = {isa = PBXFileReference; lastKnownFileType = sourcecode.swift; path = BasePresenter.swift; sourceTree = "<group>"; };
		FA298FE42DC476520047763E /* BaseInteractor.swift */ = {isa = PBXFileReference; lastKnownFileType = sourcecode.swift; path = BaseInteractor.swift; sourceTree = "<group>"; };
		FA298FE62DC476740047763E /* BaseRouter.swift */ = {isa = PBXFileReference; lastKnownFileType = sourcecode.swift; path = BaseRouter.swift; sourceTree = "<group>"; };
		FA298FF92DC479AC0047763E /* LoginPresenter.swift */ = {isa = PBXFileReference; lastKnownFileType = sourcecode.swift; path = LoginPresenter.swift; sourceTree = "<group>"; };
		FA298FFA2DC479AC0047763E /* LoginRouter.swift */ = {isa = PBXFileReference; lastKnownFileType = sourcecode.swift; path = LoginRouter.swift; sourceTree = "<group>"; };
		FA298FFB2DC479AC0047763E /* LoginViewController.swift */ = {isa = PBXFileReference; lastKnownFileType = sourcecode.swift; path = LoginViewController.swift; sourceTree = "<group>"; };
		FA298FFC2DC479AC0047763E /* LoginInteractor.swift */ = {isa = PBXFileReference; lastKnownFileType = sourcecode.swift; path = LoginInteractor.swift; sourceTree = "<group>"; };
		FA298FFD2DC479AC0047763E /* LoginEntity.swift */ = {isa = PBXFileReference; lastKnownFileType = sourcecode.swift; path = LoginEntity.swift; sourceTree = "<group>"; };
		FA298FFE2DC479AC0047763E /* LoginViewController.xib */ = {isa = PBXFileReference; lastKnownFileType = file.xib; path = LoginViewController.xib; sourceTree = "<group>"; };
		FA360E652DC2203800B9FB61 /* Hackathon By BSI.app */ = {isa = PBXFileReference; explicitFileType = wrapper.application; includeInIndex = 0; path = "Hackathon By BSI.app"; sourceTree = BUILT_PRODUCTS_DIR; };
		FA360E682DC2203800B9FB61 /* AppDelegate.swift */ = {isa = PBXFileReference; lastKnownFileType = sourcecode.swift; path = AppDelegate.swift; sourceTree = "<group>"; };
		FA360E6A2DC2203800B9FB61 /* SceneDelegate.swift */ = {isa = PBXFileReference; lastKnownFileType = sourcecode.swift; path = SceneDelegate.swift; sourceTree = "<group>"; };
		FA360E6C2DC2203800B9FB61 /* ViewController.swift */ = {isa = PBXFileReference; lastKnownFileType = sourcecode.swift; path = ViewController.swift; sourceTree = "<group>"; };
		FA360E6F2DC2203800B9FB61 /* Base */ = {isa = PBXFileReference; lastKnownFileType = file.storyboard; name = Base; path = Base.lproj/Main.storyboard; sourceTree = "<group>"; };
		FA360E712DC2203A00B9FB61 /* Assets.xcassets */ = {isa = PBXFileReference; lastKnownFileType = folder.assetcatalog; path = Assets.xcassets; sourceTree = "<group>"; };
		FA360E742DC2203A00B9FB61 /* Base */ = {isa = PBXFileReference; lastKnownFileType = file.storyboard; name = Base; path = Base.lproj/LaunchScreen.storyboard; sourceTree = "<group>"; };
		FA360E762DC2203A00B9FB61 /* Info.plist */ = {isa = PBXFileReference; lastKnownFileType = text.plist.xml; path = Info.plist; sourceTree = "<group>"; };
/* End PBXFileReference section */

/* Begin PBXFrameworksBuildPhase section */
		FA360E622DC2203800B9FB61 /* Frameworks */ = {
			isa = PBXFrameworksBuildPhase;
			buildActionMask = 2147483647;
			files = (
			);
			runOnlyForDeploymentPostprocessing = 0;
		};
/* End PBXFrameworksBuildPhase section */

/* Begin PBXGroup section */
		7418D10B2DC4B47E00A5B6D5 /* Challenge */ = {
			isa = PBXGroup;
			children = (
				7418D12A2DC7359800A5B6D5 /* NotifBadges */,
				7418D1292DC7349C00A5B6D5 /* BadgesSheet */,
				7418D11C2DC652B000A5B6D5 /* BadgesCell */,
				7418D10C2DC4BD9D00A5B6D5 /* ChallengeViewController.swift */,
				7418D10D2DC4BD9D00A5B6D5 /* ChallengeViewController.xib */,
				7418D1102DC4BDD300A5B6D5 /* ChallengePresenter.swift */,
				7418D1122DC4BDE000A5B6D5 /* ChallengeRouter.swift */,
				7418D1142DC4BDEF00A5B6D5 /* ChallengeInteractor.swift */,
			);
			path = Challenge;
			sourceTree = "<group>";
		};
		7418D11C2DC652B000A5B6D5 /* BadgesCell */ = {
			isa = PBXGroup;
			children = (
				7418D11D2DC655D500A5B6D5 /* BadgesViewCell.swift */,
				7418D11E2DC655D500A5B6D5 /* BadgesViewCell.xib */,
			);
			path = BadgesCell;
			sourceTree = "<group>";
		};
		7418D1292DC7349C00A5B6D5 /* BadgesSheet */ = {
			isa = PBXGroup;
			children = (
				7418D1252DC6614F00A5B6D5 /* BadgesSheetViewController.swift */,
				7418D1262DC6614F00A5B6D5 /* BadgesSheetViewController.xib */,
			);
			path = BadgesSheet;
			sourceTree = "<group>";
		};
		7418D12A2DC7359800A5B6D5 /* NotifBadges */ = {
			isa = PBXGroup;
			children = (
				7418D12B2DC735B700A5B6D5 /* NotifBadgesViewController.swift */,
				7418D12C2DC735B700A5B6D5 /* NotifBadgesViewController.xib */,
				7418D12F2DC735D700A5B6D5 /* NotifBadgesPresenter.swift */,
				7418D1312DC735E200A5B6D5 /* NotifBadgesRouter.swift */,
				7418D1332DC735ED00A5B6D5 /* NotifBadgesInteractor.swift */,
			);
			path = NotifBadges;
			sourceTree = "<group>";
		};
		7432A7B72DC4A2D700CE64D9 /* Profile */ = {
			isa = PBXGroup;
			children = (
				7432A7BA2DC4A3EA00CE64D9 /* MenuProfileView.swift */,
				7432A7BB2DC4A3EA00CE64D9 /* MenuProfileView.xib */,
				7418D1072DC4B35300A5B6D5 /* MenuProfilePresenter.swift */,
				7418D1092DC4B3A600A5B6D5 /* MenuProfileRouter.swift */,
				7418D1162DC4C65200A5B6D5 /* MenuProfileInteractor.swift */,
			);
			path = Profile;
			sourceTree = "<group>";
		};
		FA1CE8FF2DC4836F004D2E9F /* Elements */ = {
			isa = PBXGroup;
			children = (
				FA1CE9002DC48376004D2E9F /* Buttons */,
			);
			path = Elements;
			sourceTree = "<group>";
		};
		FA1CE9002DC48376004D2E9F /* Buttons */ = {
			isa = PBXGroup;
			children = (
				FA1CE9012DC48385004D2E9F /* GeneralButton.swift */,
			);
			path = Buttons;
			sourceTree = "<group>";
		};
		FA1CE9032DC49BBB004D2E9F /* Extension */ = {
			isa = PBXGroup;
			children = (
				FA1CE9042DC49BCE004D2E9F /* View+ext.swift */,
			);
			path = Extension;
			sourceTree = "<group>";
		};
		FA298FDF2DC475C90047763E /* BaseModule */ = {
			isa = PBXGroup;
			children = (
				FA298FE02DC475E50047763E /* BaseViewController.swift */,
				FA298FE22DC476300047763E /* BasePresenter.swift */,
				FA298FE42DC476520047763E /* BaseInteractor.swift */,
				FA298FE62DC476740047763E /* BaseRouter.swift */,
			);
			path = BaseModule;
			sourceTree = "<group>";
		};
		FA298FF82DC479890047763E /* Login */ = {
			isa = PBXGroup;
			children = (
				FA298FF92DC479AC0047763E /* LoginPresenter.swift */,
				FA298FFA2DC479AC0047763E /* LoginRouter.swift */,
				FA298FFB2DC479AC0047763E /* LoginViewController.swift */,
				FA298FFC2DC479AC0047763E /* LoginInteractor.swift */,
				FA298FFD2DC479AC0047763E /* LoginEntity.swift */,
				FA298FFE2DC479AC0047763E /* LoginViewController.xib */,
			);
			path = Login;
			sourceTree = "<group>";
		};
		FA360E5C2DC2203800B9FB61 = {
			isa = PBXGroup;
			children = (
				FA360E672DC2203800B9FB61 /* Hackathon By BSI */,
				FA360E662DC2203800B9FB61 /* Products */,
			);
			sourceTree = "<group>";
		};
		FA360E662DC2203800B9FB61 /* Products */ = {
			isa = PBXGroup;
			children = (
				FA360E652DC2203800B9FB61 /* Hackathon By BSI.app */,
			);
			name = Products;
			sourceTree = "<group>";
		};
		FA360E672DC2203800B9FB61 /* Hackathon By BSI */ = {
			isa = PBXGroup;
			children = (
				FA1CE9032DC49BBB004D2E9F /* Extension */,
				FA1CE8FF2DC4836F004D2E9F /* Elements */,
				FA298FDF2DC475C90047763E /* BaseModule */,
				FA360E7C2DC221D200B9FB61 /* Modules */,
				FA360E682DC2203800B9FB61 /* AppDelegate.swift */,
				FA360E6A2DC2203800B9FB61 /* SceneDelegate.swift */,
				FA360E6C2DC2203800B9FB61 /* ViewController.swift */,
				FA360E6E2DC2203800B9FB61 /* Main.storyboard */,
				FA360E712DC2203A00B9FB61 /* Assets.xcassets */,
				FA360E732DC2203A00B9FB61 /* LaunchScreen.storyboard */,
				FA360E762DC2203A00B9FB61 /* Info.plist */,
			);
			path = "Hackathon By BSI";
			sourceTree = "<group>";
		};
		FA360E7C2DC221D200B9FB61 /* Modules */ = {
			isa = PBXGroup;
			children = (
				7418D10B2DC4B47E00A5B6D5 /* Challenge */,
				7432A7B72DC4A2D700CE64D9 /* Profile */,
				FA298FF82DC479890047763E /* Login */,
			);
			path = Modules;
			sourceTree = "<group>";
		};
/* End PBXGroup section */

/* Begin PBXNativeTarget section */
		FA360E642DC2203800B9FB61 /* Hackathon By BSI */ = {
			isa = PBXNativeTarget;
			buildConfigurationList = FA360E792DC2203A00B9FB61 /* Build configuration list for PBXNativeTarget "Hackathon By BSI" */;
			buildPhases = (
				FA360E612DC2203800B9FB61 /* Sources */,
				FA360E622DC2203800B9FB61 /* Frameworks */,
				FA360E632DC2203800B9FB61 /* Resources */,
			);
			buildRules = (
			);
			dependencies = (
			);
			name = "Hackathon By BSI";
			productName = "Hackathon By BSI";
			productReference = FA360E652DC2203800B9FB61 /* Hackathon By BSI.app */;
			productType = "com.apple.product-type.application";
		};
/* End PBXNativeTarget section */

/* Begin PBXProject section */
		FA360E5D2DC2203800B9FB61 /* Project object */ = {
			isa = PBXProject;
			attributes = {
				BuildIndependentTargetsInParallel = 1;
				LastSwiftUpdateCheck = 1520;
				LastUpgradeCheck = 1520;
				TargetAttributes = {
					FA360E642DC2203800B9FB61 = {
						CreatedOnToolsVersion = 15.2;
					};
				};
			};
			buildConfigurationList = FA360E602DC2203800B9FB61 /* Build configuration list for PBXProject "Hackathon By BSI" */;
			compatibilityVersion = "Xcode 14.0";
			developmentRegion = en;
			hasScannedForEncodings = 0;
			knownRegions = (
				en,
				Base,
			);
			mainGroup = FA360E5C2DC2203800B9FB61;
			productRefGroup = FA360E662DC2203800B9FB61 /* Products */;
			projectDirPath = "";
			projectRoot = "";
			targets = (
				FA360E642DC2203800B9FB61 /* Hackathon By BSI */,
			);
		};
/* End PBXProject section */

/* Begin PBXResourcesBuildPhase section */
		FA360E632DC2203800B9FB61 /* Resources */ = {
			isa = PBXResourcesBuildPhase;
			buildActionMask = 2147483647;
			files = (
				FA2990042DC479AC0047763E /* LoginViewController.xib in Resources */,
				FA360E752DC2203A00B9FB61 /* LaunchScreen.storyboard in Resources */,
				FA360E722DC2203A00B9FB61 /* Assets.xcassets in Resources */,
				FA360E702DC2203800B9FB61 /* Main.storyboard in Resources */,
				7418D1282DC6614F00A5B6D5 /* BadgesSheetViewController.xib in Resources */,
				7418D1202DC655D500A5B6D5 /* BadgesViewCell.xib in Resources */,
				7418D12E2DC735B700A5B6D5 /* NotifBadgesViewController.xib in Resources */,
				7418D10F2DC4BD9D00A5B6D5 /* ChallengeViewController.xib in Resources */,
				7432A7BD2DC4A3EA00CE64D9 /* MenuProfileView.xib in Resources */,
			);
			runOnlyForDeploymentPostprocessing = 0;
		};
/* End PBXResourcesBuildPhase section */

/* Begin PBXSourcesBuildPhase section */
		FA360E612DC2203800B9FB61 /* Sources */ = {
			isa = PBXSourcesBuildPhase;
			buildActionMask = 2147483647;
			files = (
				FA298FFF2DC479AC0047763E /* LoginPresenter.swift in Sources */,
				FA2990022DC479AC0047763E /* LoginInteractor.swift in Sources */,
				7418D10A2DC4B3A600A5B6D5 /* MenuProfileRouter.swift in Sources */,
				FA2990032DC479AC0047763E /* LoginEntity.swift in Sources */,
				7418D1082DC4B35300A5B6D5 /* MenuProfilePresenter.swift in Sources */,
				FA360E6D2DC2203800B9FB61 /* ViewController.swift in Sources */,
				7418D1112DC4BDD300A5B6D5 /* ChallengePresenter.swift in Sources */,
				7418D1172DC4C65200A5B6D5 /* MenuProfileInteractor.swift in Sources */,
				FA1CE9022DC48385004D2E9F /* GeneralButton.swift in Sources */,
				FA298FE32DC476300047763E /* BasePresenter.swift in Sources */,
				FA298FE72DC476740047763E /* BaseRouter.swift in Sources */,
				7418D1152DC4BDEF00A5B6D5 /* ChallengeInteractor.swift in Sources */,
				FA298FE12DC475E50047763E /* BaseViewController.swift in Sources */,
				7418D10E2DC4BD9D00A5B6D5 /* ChallengeViewController.swift in Sources */,
				7432A7BC2DC4A3EA00CE64D9 /* MenuProfileView.swift in Sources */,
				FA1CE9052DC49BCE004D2E9F /* View+ext.swift in Sources */,
				7418D1272DC6614F00A5B6D5 /* BadgesSheetViewController.swift in Sources */,
				7418D1322DC735E200A5B6D5 /* NotifBadgesRouter.swift in Sources */,
				FA2990002DC479AC0047763E /* LoginRouter.swift in Sources */,
				FA360E692DC2203800B9FB61 /* AppDelegate.swift in Sources */,
				7418D1302DC735D700A5B6D5 /* NotifBadgesPresenter.swift in Sources */,
				7418D1132DC4BDE000A5B6D5 /* ChallengeRouter.swift in Sources */,
				7418D12D2DC735B700A5B6D5 /* NotifBadgesViewController.swift in Sources */,
				FA360E6B2DC2203800B9FB61 /* SceneDelegate.swift in Sources */,
				FA2990012DC479AC0047763E /* LoginViewController.swift in Sources */,
				FA298FE52DC476520047763E /* BaseInteractor.swift in Sources */,
				7418D11F2DC655D500A5B6D5 /* BadgesViewCell.swift in Sources */,
				7418D1342DC735ED00A5B6D5 /* NotifBadgesInteractor.swift in Sources */,
			);
			runOnlyForDeploymentPostprocessing = 0;
		};
/* End PBXSourcesBuildPhase section */

/* Begin PBXVariantGroup section */
		FA360E6E2DC2203800B9FB61 /* Main.storyboard */ = {
			isa = PBXVariantGroup;
			children = (
				FA360E6F2DC2203800B9FB61 /* Base */,
			);
			name = Main.storyboard;
			sourceTree = "<group>";
		};
		FA360E732DC2203A00B9FB61 /* LaunchScreen.storyboard */ = {
			isa = PBXVariantGroup;
			children = (
				FA360E742DC2203A00B9FB61 /* Base */,
			);
			name = LaunchScreen.storyboard;
			sourceTree = "<group>";
		};
/* End PBXVariantGroup section */

/* Begin XCBuildConfiguration section */
		FA360E772DC2203A00B9FB61 /* Debug */ = {
			isa = XCBuildConfiguration;
			buildSettings = {
				ALWAYS_SEARCH_USER_PATHS = NO;
				ASSETCATALOG_COMPILER_GENERATE_SWIFT_ASSET_SYMBOL_EXTENSIONS = YES;
				CLANG_ANALYZER_NONNULL = YES;
				CLANG_ANALYZER_NUMBER_OBJECT_CONVERSION = YES_AGGRESSIVE;
				CLANG_CXX_LANGUAGE_STANDARD = "gnu++20";
				CLANG_ENABLE_MODULES = YES;
				CLANG_ENABLE_OBJC_ARC = YES;
				CLANG_ENABLE_OBJC_WEAK = YES;
				CLANG_WARN_BLOCK_CAPTURE_AUTORELEASING = YES;
				CLANG_WARN_BOOL_CONVERSION = YES;
				CLANG_WARN_COMMA = YES;
				CLANG_WARN_CONSTANT_CONVERSION = YES;
				CLANG_WARN_DEPRECATED_OBJC_IMPLEMENTATIONS = YES;
				CLANG_WARN_DIRECT_OBJC_ISA_USAGE = YES_ERROR;
				CLANG_WARN_DOCUMENTATION_COMMENTS = YES;
				CLANG_WARN_EMPTY_BODY = YES;
				CLANG_WARN_ENUM_CONVERSION = YES;
				CLANG_WARN_INFINITE_RECURSION = YES;
				CLANG_WARN_INT_CONVERSION = YES;
				CLANG_WARN_NON_LITERAL_NULL_CONVERSION = YES;
				CLANG_WARN_OBJC_IMPLICIT_RETAIN_SELF = YES;
				CLANG_WARN_OBJC_LITERAL_CONVERSION = YES;
				CLANG_WARN_OBJC_ROOT_CLASS = YES_ERROR;
				CLANG_WARN_QUOTED_INCLUDE_IN_FRAMEWORK_HEADER = YES;
				CLANG_WARN_RANGE_LOOP_ANALYSIS = YES;
				CLANG_WARN_STRICT_PROTOTYPES = YES;
				CLANG_WARN_SUSPICIOUS_MOVE = YES;
				CLANG_WARN_UNGUARDED_AVAILABILITY = YES_AGGRESSIVE;
				CLANG_WARN_UNREACHABLE_CODE = YES;
				CLANG_WARN__DUPLICATE_METHOD_MATCH = YES;
				COPY_PHASE_STRIP = NO;
				DEBUG_INFORMATION_FORMAT = dwarf;
				ENABLE_STRICT_OBJC_MSGSEND = YES;
				ENABLE_TESTABILITY = YES;
				ENABLE_USER_SCRIPT_SANDBOXING = YES;
				GCC_C_LANGUAGE_STANDARD = gnu17;
				GCC_DYNAMIC_NO_PIC = NO;
				GCC_NO_COMMON_BLOCKS = YES;
				GCC_OPTIMIZATION_LEVEL = 0;
				GCC_PREPROCESSOR_DEFINITIONS = (
					"DEBUG=1",
					"$(inherited)",
				);
				GCC_WARN_64_TO_32_BIT_CONVERSION = YES;
				GCC_WARN_ABOUT_RETURN_TYPE = YES_ERROR;
				GCC_WARN_UNDECLARED_SELECTOR = YES;
				GCC_WARN_UNINITIALIZED_AUTOS = YES_AGGRESSIVE;
				GCC_WARN_UNUSED_FUNCTION = YES;
				GCC_WARN_UNUSED_VARIABLE = YES;
				IPHONEOS_DEPLOYMENT_TARGET = 17.2;
				LOCALIZATION_PREFERS_STRING_CATALOGS = YES;
				MTL_ENABLE_DEBUG_INFO = INCLUDE_SOURCE;
				MTL_FAST_MATH = YES;
				ONLY_ACTIVE_ARCH = YES;
				SDKROOT = iphoneos;
				SWIFT_ACTIVE_COMPILATION_CONDITIONS = "DEBUG $(inherited)";
				SWIFT_OPTIMIZATION_LEVEL = "-Onone";
			};
			name = Debug;
		};
		FA360E782DC2203A00B9FB61 /* Release */ = {
			isa = XCBuildConfiguration;
			buildSettings = {
				ALWAYS_SEARCH_USER_PATHS = NO;
				ASSETCATALOG_COMPILER_GENERATE_SWIFT_ASSET_SYMBOL_EXTENSIONS = YES;
				CLANG_ANALYZER_NONNULL = YES;
				CLANG_ANALYZER_NUMBER_OBJECT_CONVERSION = YES_AGGRESSIVE;
				CLANG_CXX_LANGUAGE_STANDARD = "gnu++20";
				CLANG_ENABLE_MODULES = YES;
				CLANG_ENABLE_OBJC_ARC = YES;
				CLANG_ENABLE_OBJC_WEAK = YES;
				CLANG_WARN_BLOCK_CAPTURE_AUTORELEASING = YES;
				CLANG_WARN_BOOL_CONVERSION = YES;
				CLANG_WARN_COMMA = YES;
				CLANG_WARN_CONSTANT_CONVERSION = YES;
				CLANG_WARN_DEPRECATED_OBJC_IMPLEMENTATIONS = YES;
				CLANG_WARN_DIRECT_OBJC_ISA_USAGE = YES_ERROR;
				CLANG_WARN_DOCUMENTATION_COMMENTS = YES;
				CLANG_WARN_EMPTY_BODY = YES;
				CLANG_WARN_ENUM_CONVERSION = YES;
				CLANG_WARN_INFINITE_RECURSION = YES;
				CLANG_WARN_INT_CONVERSION = YES;
				CLANG_WARN_NON_LITERAL_NULL_CONVERSION = YES;
				CLANG_WARN_OBJC_IMPLICIT_RETAIN_SELF = YES;
				CLANG_WARN_OBJC_LITERAL_CONVERSION = YES;
				CLANG_WARN_OBJC_ROOT_CLASS = YES_ERROR;
				CLANG_WARN_QUOTED_INCLUDE_IN_FRAMEWORK_HEADER = YES;
				CLANG_WARN_RANGE_LOOP_ANALYSIS = YES;
				CLANG_WARN_STRICT_PROTOTYPES = YES;
				CLANG_WARN_SUSPICIOUS_MOVE = YES;
				CLANG_WARN_UNGUARDED_AVAILABILITY = YES_AGGRESSIVE;
				CLANG_WARN_UNREACHABLE_CODE = YES;
				CLANG_WARN__DUPLICATE_METHOD_MATCH = YES;
				COPY_PHASE_STRIP = NO;
				DEBUG_INFORMATION_FORMAT = "dwarf-with-dsym";
				ENABLE_NS_ASSERTIONS = NO;
				ENABLE_STRICT_OBJC_MSGSEND = YES;
				ENABLE_USER_SCRIPT_SANDBOXING = YES;
				GCC_C_LANGUAGE_STANDARD = gnu17;
				GCC_NO_COMMON_BLOCKS = YES;
				GCC_WARN_64_TO_32_BIT_CONVERSION = YES;
				GCC_WARN_ABOUT_RETURN_TYPE = YES_ERROR;
				GCC_WARN_UNDECLARED_SELECTOR = YES;
				GCC_WARN_UNINITIALIZED_AUTOS = YES_AGGRESSIVE;
				GCC_WARN_UNUSED_FUNCTION = YES;
				GCC_WARN_UNUSED_VARIABLE = YES;
				IPHONEOS_DEPLOYMENT_TARGET = 17.2;
				LOCALIZATION_PREFERS_STRING_CATALOGS = YES;
				MTL_ENABLE_DEBUG_INFO = NO;
				MTL_FAST_MATH = YES;
				SDKROOT = iphoneos;
				SWIFT_COMPILATION_MODE = wholemodule;
				VALIDATE_PRODUCT = YES;
			};
			name = Release;
		};
		FA360E7A2DC2203A00B9FB61 /* Debug */ = {
			isa = XCBuildConfiguration;
			buildSettings = {
				ASSETCATALOG_COMPILER_APPICON_NAME = AppIcon;
				ASSETCATALOG_COMPILER_GLOBAL_ACCENT_COLOR_NAME = AccentColor;
				CODE_SIGN_STYLE = Automatic;
				CURRENT_PROJECT_VERSION = 1;
				DEVELOPMENT_TEAM = 365WJYN4LU;
				GENERATE_INFOPLIST_FILE = YES;
				INFOPLIST_FILE = "Hackathon By BSI/Info.plist";
				INFOPLIST_KEY_UIApplicationSupportsIndirectInputEvents = YES;
				INFOPLIST_KEY_UILaunchStoryboardName = LaunchScreen;
				INFOPLIST_KEY_UIMainStoryboardFile = Main;
				INFOPLIST_KEY_UISupportedInterfaceOrientations_iPad = "UIInterfaceOrientationPortrait UIInterfaceOrientationPortraitUpsideDown UIInterfaceOrientationLandscapeLeft UIInterfaceOrientationLandscapeRight";
				INFOPLIST_KEY_UISupportedInterfaceOrientations_iPhone = "UIInterfaceOrientationPortrait UIInterfaceOrientationLandscapeLeft UIInterfaceOrientationLandscapeRight";
				LD_RUNPATH_SEARCH_PATHS = (
					"$(inherited)",
					"@executable_path/Frameworks",
				);
				MARKETING_VERSION = 1.0;
				PRODUCT_BUNDLE_IDENTIFIER = "com.rnd.Hackathon-By-BSI";
				PRODUCT_NAME = "$(TARGET_NAME)";
				SWIFT_EMIT_LOC_STRINGS = YES;
				SWIFT_VERSION = 5.0;
				TARGETED_DEVICE_FAMILY = "1,2";
			};
			name = Debug;
		};
		FA360E7B2DC2203A00B9FB61 /* Release */ = {
			isa = XCBuildConfiguration;
			buildSettings = {
				ASSETCATALOG_COMPILER_APPICON_NAME = AppIcon;
				ASSETCATALOG_COMPILER_GLOBAL_ACCENT_COLOR_NAME = AccentColor;
				CODE_SIGN_STYLE = Automatic;
				CURRENT_PROJECT_VERSION = 1;
				DEVELOPMENT_TEAM = 365WJYN4LU;
				GENERATE_INFOPLIST_FILE = YES;
				INFOPLIST_FILE = "Hackathon By BSI/Info.plist";
				INFOPLIST_KEY_UIApplicationSupportsIndirectInputEvents = YES;
				INFOPLIST_KEY_UILaunchStoryboardName = LaunchScreen;
				INFOPLIST_KEY_UIMainStoryboardFile = Main;
				INFOPLIST_KEY_UISupportedInterfaceOrientations_iPad = "UIInterfaceOrientationPortrait UIInterfaceOrientationPortraitUpsideDown UIInterfaceOrientationLandscapeLeft UIInterfaceOrientationLandscapeRight";
				INFOPLIST_KEY_UISupportedInterfaceOrientations_iPhone = "UIInterfaceOrientationPortrait UIInterfaceOrientationLandscapeLeft UIInterfaceOrientationLandscapeRight";
				LD_RUNPATH_SEARCH_PATHS = (
					"$(inherited)",
					"@executable_path/Frameworks",
				);
				MARKETING_VERSION = 1.0;
				PRODUCT_BUNDLE_IDENTIFIER = "com.rnd.Hackathon-By-BSI";
				PRODUCT_NAME = "$(TARGET_NAME)";
				SWIFT_EMIT_LOC_STRINGS = YES;
				SWIFT_VERSION = 5.0;
				TARGETED_DEVICE_FAMILY = "1,2";
			};
			name = Release;
		};
/* End XCBuildConfiguration section */

/* Begin XCConfigurationList section */
		FA360E602DC2203800B9FB61 /* Build configuration list for PBXProject "Hackathon By BSI" */ = {
			isa = XCConfigurationList;
			buildConfigurations = (
				FA360E772DC2203A00B9FB61 /* Debug */,
				FA360E782DC2203A00B9FB61 /* Release */,
			);
			defaultConfigurationIsVisible = 0;
			defaultConfigurationName = Release;
		};
		FA360E792DC2203A00B9FB61 /* Build configuration list for PBXNativeTarget "Hackathon By BSI" */ = {
			isa = XCConfigurationList;
			buildConfigurations = (
				FA360E7A2DC2203A00B9FB61 /* Debug */,
				FA360E7B2DC2203A00B9FB61 /* Release */,
			);
			defaultConfigurationIsVisible = 0;
			defaultConfigurationName = Release;
		};
/* End XCConfigurationList section */
	};
	rootObject = FA360E5D2DC2203800B9FB61 /* Project object */;
}
